{
    "_readme": [
        "This file locks the dependencies of your project to a known state",
        "Read more about it at http://getcomposer.org/doc/01-basic-usage.md#composer-lock-the-lock-file"
    ],
    "hash": "5f0099f5dd80c1ca2bc2079c8c6662c5",
    "packages": [
        {
            "name": "cofreeweb/acl",
            "version": "0.2.x-dev",
            "source": {
                "type": "git",
                "url": "https://github.com/Cofreeweb/CakeAclPlugin.git",
                "reference": "d2ec3c9b733cac4787eb3c1b9fff082c9be46299"
            },
            "dist": {
                "type": "zip",
                "url": "https://api.github.com/repos/Cofreeweb/CakeAclPlugin/zipball/d2ec3c9b733cac4787eb3c1b9fff082c9be46299",
                "reference": "d2ec3c9b733cac4787eb3c1b9fff082c9be46299",
                "shasum": ""
            },
            "require": {
                "composer/installers": "*",
                "php": ">=5.3.0"
            },
            "type": "cakephp-plugin",
            "notification-url": "https://packagist.org/downloads/",
            "license": [
                "MIT"
            ],
            "authors": [
                {
                    "name": "Cofreeweb",
                    "homepage": "http://cofreeweb.com"
                }
            ],
            "description": "ACL plugin for CakePHP",
            "time": "2013-11-27 07:27:33"
        },
        {
            "name": "cofreeweb/cofree",
            "version": "dev-master",
            "source": {
                "type": "git",
                "url": "https://github.com/Cofreeweb/CakeCofreePlugin.git",
                "reference": "cb995d4f903e06c971b72d38a34094e26b659150"
            },
            "dist": {
                "type": "zip",
                "url": "https://api.github.com/repos/Cofreeweb/CakeCofreePlugin/zipball/cb995d4f903e06c971b72d38a34094e26b659150",
                "reference": "cb995d4f903e06c971b72d38a34094e26b659150",
                "shasum": ""
            },
            "require": {
                "composer/installers": "*",
                "php": ">=5.3.0"
            },
            "type": "cakephp-plugin",
            "notification-url": "https://packagist.org/downloads/",
            "license": [
                "MIT"
            ],
            "authors": [
                {
                    "name": "Cofreeweb",
                    "homepage": "http://cofreeweb.com"
                }
            ],
            "description": "Utilities plugin for CakePHP",
            "time": "2013-11-27 10:40:01"
        },
        {
            "name": "composer/installers",
            "version": "v1.0.7",
            "source": {
                "type": "git",
                "url": "https://github.com/composer/installers.git",
                "reference": "d792632d27e1980d921cbbba12eab7b888338d4c"
            },
            "dist": {
                "type": "zip",
                "url": "https://api.github.com/repos/composer/installers/zipball/d792632d27e1980d921cbbba12eab7b888338d4c",
                "reference": "d792632d27e1980d921cbbba12eab7b888338d4c",
                "shasum": ""
            },
            "replace": {
                "shama/baton": "*"
            },
            "require-dev": {
                "composer/composer": "1.0.*@dev",
                "phpunit/phpunit": "3.7.*"
            },
            "type": "composer-installer",
            "extra": {
                "class": "Composer\\Installers\\Installer",
                "branch-alias": {
                    "dev-master": "1.0-dev"
                }
            },
            "autoload": {
                "psr-0": {
                    "Composer\\Installers\\": "src/"
                }
            },
            "notification-url": "https://packagist.org/downloads/",
            "license": [
                "MIT"
            ],
            "authors": [
                {
                    "name": "Kyle Robinson Young",
                    "email": "kyle@dontkry.com",
                    "homepage": "http://dontkry.com",
                    "role": "Developer"
                }
            ],
            "description": "A multi-framework Composer library installer",
            "homepage": "http://composer.github.com/installers/",
            "keywords": [
                "TYPO3 CMS",
                "TYPO3 Flow",
                "TYPO3 Neos",
                "agl",
                "cakephp",
                "codeigniter",
                "concrete5",
                "drupal",
                "fuelphp",
                "installer",
                "joomla",
                "kohana",
                "laravel",
                "li3",
                "lithium",
                "mako",
                "modulework",
                "phpbb",
                "ppi",
                "silverstripe",
                "symfony",
                "wordpress",
                "zend"
            ],
            "time": "2013-10-24 16:13:49"
        }
    ],
    "packages-dev": [

    ],
    "aliases": [

    ],
    "minimum-stability": "stable",
    "stability-flags": {
        "cofreeweb/acl": 20,
        "cofreeweb/cofree": 20
    },
    "platform": {
        "php": ">=5.3.0"
    },
    "platform-dev": [

    ]
}
